
Microsoft Visual Studio Solution File, Format Version 12.00
# Visual Studio Version 16
VisualStudioVersion = 16.0.29613.14
MinimumVisualStudioVersion = 10.0.40219.1
Project("{FAE04EC0-301F-11D3-BF4B-00C04F79EFBC}") = "Structs", "Structs\Structs.csproj", "{48052527-0C64-4BA4-90D7-FD049A155DFA}"
EndProject
Project("{9A19103F-16F7-4668-BE54-9A1E7A4F7556}") = "Corteges", "Corteges\Corteges.csproj", "{DF0A9300-39FD-4A9F-8280-28AC57F45FD5}"
EndProject
Project("{9A19103F-16F7-4668-BE54-9A1E7A4F7556}") = "Exceptions", "Exceptions\Exceptions.csproj", "{D6B457D2-5494-422A-B36C-12D1DF654D73}"
EndProject
Project("{9A19103F-16F7-4668-BE54-9A1E7A4F7556}") = "RefAndOut", "RefAndOut\RefAndOut.csproj", "{8821103A-78FC-4B73-94E2-80221C2496A1}"
EndProject
Project("{9A19103F-16F7-4668-BE54-9A1E7A4F7556}") = "OperatorOverloading", "OperatorOverloading\OperatorOverloading.csproj", "{04BC06D7-A4FD-484C-B360-3887E8E53987}"
EndProject
Project("{9A19103F-16F7-4668-BE54-9A1E7A4F7556}") = "AbstractClasses", "AbstractClasses\AbstractClasses.csproj", "{55DA7475-72A8-4C00-9C58-A2AE15DCBF75}"
EndProject
Project("{9A19103F-16F7-4668-BE54-9A1E7A4F7556}") = "Interfaces", "Interfaces\Interfaces.csproj", "{9CC7C394-8278-49CA-8288-A1612A7C3B5B}"
EndProject
Project("{FAE04EC0-301F-11D3-BF4B-00C04F79EFBC}") = "AnonimMethods", "AnonimMethods\AnonimMethods.csproj", "{9C31A9D8-865E-406B-A3F9-7E5D4CBFCB33}"
EndProject
Project("{FAE04EC0-301F-11D3-BF4B-00C04F79EFBC}") = "Lambda", "Lambda\Lambda.csproj", "{A2BC48E8-CB03-413C-BDD1-E23500DCB2C9}"
EndProject
Project("{FAE04EC0-301F-11D3-BF4B-00C04F79EFBC}") = "Events", "Events\Events.csproj", "{57B0BADC-5C52-4002-9743-B0B5B2D6C0EB}"
EndProject
Project("{9A19103F-16F7-4668-BE54-9A1E7A4F7556}") = "Oerators_is_as", "Oerators_is_as\Oerators_is_as.csproj", "{BB16E168-7297-4A31-B42D-E343C45630B6}"
EndProject
Project("{FAE04EC0-301F-11D3-BF4B-00C04F79EFBC}") = "BaseInterfaces", "BaseInterfaces\BaseInterfaces.csproj", "{DD76A5E1-2DF4-4899-8C5C-B82350104617}"
EndProject
Global
	GlobalSection(SolutionConfigurationPlatforms) = preSolution
		Debug|Any CPU = Debug|Any CPU
		Release|Any CPU = Release|Any CPU
	EndGlobalSection
	GlobalSection(ProjectConfigurationPlatforms) = postSolution
		{48052527-0C64-4BA4-90D7-FD049A155DFA}.Debug|Any CPU.ActiveCfg = Debug|Any CPU
		{48052527-0C64-4BA4-90D7-FD049A155DFA}.Debug|Any CPU.Build.0 = Debug|Any CPU
		{48052527-0C64-4BA4-90D7-FD049A155DFA}.Release|Any CPU.ActiveCfg = Release|Any CPU
		{48052527-0C64-4BA4-90D7-FD049A155DFA}.Release|Any CPU.Build.0 = Release|Any CPU
		{DF0A9300-39FD-4A9F-8280-28AC57F45FD5}.Debug|Any CPU.ActiveCfg = Debug|Any CPU
		{DF0A9300-39FD-4A9F-8280-28AC57F45FD5}.Debug|Any CPU.Build.0 = Debug|Any CPU
		{DF0A9300-39FD-4A9F-8280-28AC57F45FD5}.Release|Any CPU.ActiveCfg = Release|Any CPU
		{DF0A9300-39FD-4A9F-8280-28AC57F45FD5}.Release|Any CPU.Build.0 = Release|Any CPU
		{D6B457D2-5494-422A-B36C-12D1DF654D73}.Debug|Any CPU.ActiveCfg = Debug|Any CPU
		{D6B457D2-5494-422A-B36C-12D1DF654D73}.Debug|Any CPU.Build.0 = Debug|Any CPU
		{D6B457D2-5494-422A-B36C-12D1DF654D73}.Release|Any CPU.ActiveCfg = Release|Any CPU
		{D6B457D2-5494-422A-B36C-12D1DF654D73}.Release|Any CPU.Build.0 = Release|Any CPU
		{8821103A-78FC-4B73-94E2-80221C2496A1}.Debug|Any CPU.ActiveCfg = Debug|Any CPU
		{8821103A-78FC-4B73-94E2-80221C2496A1}.Debug|Any CPU.Build.0 = Debug|Any CPU
		{8821103A-78FC-4B73-94E2-80221C2496A1}.Release|Any CPU.ActiveCfg = Release|Any CPU
		{8821103A-78FC-4B73-94E2-80221C2496A1}.Release|Any CPU.Build.0 = Release|Any CPU
		{04BC06D7-A4FD-484C-B360-3887E8E53987}.Debug|Any CPU.ActiveCfg = Debug|Any CPU
		{04BC06D7-A4FD-484C-B360-3887E8E53987}.Debug|Any CPU.Build.0 = Debug|Any CPU
		{04BC06D7-A4FD-484C-B360-3887E8E53987}.Release|Any CPU.ActiveCfg = Release|Any CPU
		{04BC06D7-A4FD-484C-B360-3887E8E53987}.Release|Any CPU.Build.0 = Release|Any CPU
		{55DA7475-72A8-4C00-9C58-A2AE15DCBF75}.Debug|Any CPU.ActiveCfg = Debug|Any CPU
		{55DA7475-72A8-4C00-9C58-A2AE15DCBF75}.Debug|Any CPU.Build.0 = Debug|Any CPU
		{55DA7475-72A8-4C00-9C58-A2AE15DCBF75}.Release|Any CPU.ActiveCfg = Release|Any CPU
		{55DA7475-72A8-4C00-9C58-A2AE15DCBF75}.Release|Any CPU.Build.0 = Release|Any CPU
		{9CC7C394-8278-49CA-8288-A1612A7C3B5B}.Debug|Any CPU.ActiveCfg = Debug|Any CPU
		{9CC7C394-8278-49CA-8288-A1612A7C3B5B}.Debug|Any CPU.Build.0 = Debug|Any CPU
		{9CC7C394-8278-49CA-8288-A1612A7C3B5B}.Release|Any CPU.ActiveCfg = Release|Any CPU
		{9CC7C394-8278-49CA-8288-A1612A7C3B5B}.Release|Any CPU.Build.0 = Release|Any CPU
		{9C31A9D8-865E-406B-A3F9-7E5D4CBFCB33}.Debug|Any CPU.ActiveCfg = Debug|Any CPU
		{9C31A9D8-865E-406B-A3F9-7E5D4CBFCB33}.Debug|Any CPU.Build.0 = Debug|Any CPU
		{9C31A9D8-865E-406B-A3F9-7E5D4CBFCB33}.Release|Any CPU.ActiveCfg = Release|Any CPU
		{9C31A9D8-865E-406B-A3F9-7E5D4CBFCB33}.Release|Any CPU.Build.0 = Release|Any CPU
		{A2BC48E8-CB03-413C-BDD1-E23500DCB2C9}.Debug|Any CPU.ActiveCfg = Debug|Any CPU
		{A2BC48E8-CB03-413C-BDD1-E23500DCB2C9}.Debug|Any CPU.Build.0 = Debug|Any CPU
		{A2BC48E8-CB03-413C-BDD1-E23500DCB2C9}.Release|Any CPU.ActiveCfg = Release|Any CPU
		{A2BC48E8-CB03-413C-BDD1-E23500DCB2C9}.Release|Any CPU.Build.0 = Release|Any CPU
		{57B0BADC-5C52-4002-9743-B0B5B2D6C0EB}.Debug|Any CPU.ActiveCfg = Debug|Any CPU
		{57B0BADC-5C52-4002-9743-B0B5B2D6C0EB}.Debug|Any CPU.Build.0 = Debug|Any CPU
		{57B0BADC-5C52-4002-9743-B0B5B2D6C0EB}.Release|Any CPU.ActiveCfg = Release|Any CPU
		{57B0BADC-5C52-4002-9743-B0B5B2D6C0EB}.Release|Any CPU.Build.0 = Release|Any CPU
		{BB16E168-7297-4A31-B42D-E343C45630B6}.Debug|Any CPU.ActiveCfg = Debug|Any CPU
		{BB16E168-7297-4A31-B42D-E343C45630B6}.Debug|Any CPU.Build.0 = Debug|Any CPU
		{BB16E168-7297-4A31-B42D-E343C45630B6}.Release|Any CPU.ActiveCfg = Release|Any CPU
		{BB16E168-7297-4A31-B42D-E343C45630B6}.Release|Any CPU.Build.0 = Release|Any CPU
		{DD76A5E1-2DF4-4899-8C5C-B82350104617}.Debug|Any CPU.ActiveCfg = Debug|Any CPU
		{DD76A5E1-2DF4-4899-8C5C-B82350104617}.Debug|Any CPU.Build.0 = Debug|Any CPU
		{DD76A5E1-2DF4-4899-8C5C-B82350104617}.Release|Any CPU.ActiveCfg = Release|Any CPU
		{DD76A5E1-2DF4-4899-8C5C-B82350104617}.Release|Any CPU.Build.0 = Release|Any CPU
	EndGlobalSection
	GlobalSection(SolutionProperties) = preSolution
		HideSolutionNode = FALSE
	EndGlobalSection
	GlobalSection(ExtensibilityGlobals) = postSolution
		SolutionGuid = {4E659E89-9C91-4354-AF80-F41D97869C27}
	EndGlobalSection
EndGlobal
